// !$*UTF8*$!
{
	archiveVersion = 1;
	classes = {
	};
	objectVersion = 52;
	objects = {

/* Begin PBXBuildFile section */
		DBB42B2924805485006B8C6B /* AppDelegate.swift in Sources */ = {isa = PBXBuildFile; fileRef = DBB42B2824805485006B8C6B /* AppDelegate.swift */; };
		DBB42B2D24805487006B8C6B /* Assets.xcassets in Resources */ = {isa = PBXBuildFile; fileRef = DBB42B2C24805487006B8C6B /* Assets.xcassets */; };
		DBB42B3024805487006B8C6B /* Preview Assets.xcassets in Resources */ = {isa = PBXBuildFile; fileRef = DBB42B2F24805487006B8C6B /* Preview Assets.xcassets */; };
		DBB42B3324805487006B8C6B /* Main.storyboard in Resources */ = {isa = PBXBuildFile; fileRef = DBB42B3124805487006B8C6B /* Main.storyboard */; };
		DBBAAC95248184C20047139D /* GameView in Frameworks */ = {isa = PBXBuildFile; productRef = DBBAAC94248184C20047139D /* GameView */; };
/* End PBXBuildFile section */

/* Begin PBXFileReference section */
		DBB42B2524805485006B8C6B /* MacBullsEye.app */ = {isa = PBXFileReference; explicitFileType = wrapper.application; includeInIndex = 0; path = MacBullsEye.app; sourceTree = BUILT_PRODUCTS_DIR; };
		DBB42B2824805485006B8C6B /* AppDelegate.swift */ = {isa = PBXFileReference; lastKnownFileType = sourcecode.swift; path = AppDelegate.swift; sourceTree = "<group>"; };
		DBB42B2C24805487006B8C6B /* Assets.xcassets */ = {isa = PBXFileReference; lastKnownFileType = folder.assetcatalog; path = Assets.xcassets; sourceTree = "<group>"; };
		DBB42B2F24805487006B8C6B /* Preview Assets.xcassets */ = {isa = PBXFileReference; lastKnownFileType = folder.assetcatalog; path = "Preview Assets.xcassets"; sourceTree = "<group>"; };
		DBB42B3224805487006B8C6B /* Base */ = {isa = PBXFileReference; lastKnownFileType = file.storyboard; name = Base; path = Base.lproj/Main.storyboard; sourceTree = "<group>"; };
		DBB42B3424805487006B8C6B /* Info.plist */ = {isa = PBXFileReference; lastKnownFileType = text.plist.xml; path = Info.plist; sourceTree = "<group>"; };
		DBB42B3524805487006B8C6B /* MacBullsEye.entitlements */ = {isa = PBXFileReference; lastKnownFileType = text.plist.entitlements; path = MacBullsEye.entitlements; sourceTree = "<group>"; };
		DBBAAC93248184BC0047139D /* GameView */ = {isa = PBXFileReference; lastKnownFileType = folder; name = GameView; path = ../packages/GameView; sourceTree = "<group>"; };
/* End PBXFileReference section */

/* Begin PBXFrameworksBuildPhase section */
		DBB42B2224805485006B8C6B /* Frameworks */ = {
			isa = PBXFrameworksBuildPhase;
			buildActionMask = 2147483647;
			files = (
				DBBAAC95248184C20047139D /* GameView in Frameworks */,
			);
			runOnlyForDeploymentPostprocessing = 0;
		};
/* End PBXFrameworksBuildPhase section */

/* Begin PBXGroup section */
		DBB42B1C24805485006B8C6B = {
			isa = PBXGroup;
			children = (
				DBBAAC93248184BC0047139D /* GameView */,
				DBB42B2724805485006B8C6B /* MacBullsEye */,
				DBB42B2624805485006B8C6B /* Products */,
				DBB42B3C248054FF006B8C6B /* Frameworks */,
			);
			sourceTree = "<group>";
		};
		DBB42B2624805485006B8C6B /* Products */ = {
			isa = PBXGroup;
			children = (
				DBB42B2524805485006B8C6B /* MacBullsEye.app */,
			);
			name = Products;
			sourceTree = "<group>";
		};
		DBB42B2724805485006B8C6B /* MacBullsEye */ = {
			isa = PBXGroup;
			children = (
				DBB42B2824805485006B8C6B /* AppDelegate.swift */,
				DBB42B2C24805487006B8C6B /* Assets.xcassets */,
				DBB42B3124805487006B8C6B /* Main.storyboard */,
				DBB42B3424805487006B8C6B /* Info.plist */,
				DBB42B3524805487006B8C6B /* MacBullsEye.entitlements */,
				DBB42B2E24805487006B8C6B /* Preview Content */,
			);
			path = MacBullsEye;
			sourceTree = "<group>";
		};
		DBB42B2E24805487006B8C6B /* Preview Content */ = {
			isa = PBXGroup;
			children = (
				DBB42B2F24805487006B8C6B /* Preview Assets.xcassets */,
			);
			path = "Preview Content";
			sourceTree = "<group>";
		};
		DBB42B3C248054FF006B8C6B /* Frameworks */ = {
			isa = PBXGroup;
			children = (
			);
			name = Frameworks;
			sourceTree = "<group>";
		};
/* End PBXGroup section */

/* Begin PBXNativeTarget section */
		DBB42B2424805485006B8C6B /* MacBullsEye */ = {
			isa = PBXNativeTarget;
			buildConfigurationList = DBB42B3824805487006B8C6B /* Build configuration list for PBXNativeTarget "MacBullsEye" */;
			buildPhases = (
				DBB42B2124805485006B8C6B /* Sources */,
				DBB42B2224805485006B8C6B /* Frameworks */,
				DBB42B2324805485006B8C6B /* Resources */,
			);
			buildRules = (
			);
			dependencies = (
			);
			name = MacBullsEye;
			packageProductDependencies = (
				DBBAAC94248184C20047139D /* GameView */,
			);
			productName = MacBullsEye;
			productReference = DBB42B2524805485006B8C6B /* MacBullsEye.app */;
			productType = "com.apple.product-type.application";
		};
/* End PBXNativeTarget section */

/* Begin PBXProject section */
		DBB42B1D24805485006B8C6B /* Project object */ = {
			isa = PBXProject;
			attributes = {
				LastSwiftUpdateCheck = 1150;
				LastUpgradeCheck = 1150;
				ORGANIZATIONNAME = "Roger Navarro";
				TargetAttributes = {
					DBB42B2424805485006B8C6B = {
						CreatedOnToolsVersion = 11.5;
					};
				};
			};
			buildConfigurationList = DBB42B2024805485006B8C6B /* Build configuration list for PBXProject "MacBullsEye" */;
			compatibilityVersion = "Xcode 9.3";
			developmentRegion = en;
			hasScannedForEncodings = 0;
			knownRegions = (
				en,
				Base,
			);
			mainGroup = DBB42B1C24805485006B8C6B;
			productRefGroup = DBB42B2624805485006B8C6B /* Products */;
			projectDirPath = "";
			projectRoot = "";
			targets = (
				DBB42B2424805485006B8C6B /* MacBullsEye */,
			);
		};
/* End PBXProject section */

/* Begin PBXResourcesBuildPhase section */
		DBB42B2324805485006B8C6B /* Resources */ = {
			isa = PBXResourcesBuildPhase;
			buildActionMask = 2147483647;
			files = (
				DBB42B3324805487006B8C6B /* Main.storyboard in Resources */,
				DBB42B3024805487006B8C6B /* Preview Assets.xcassets in Resources */,
				DBB42B2D24805487006B8C6B /* Assets.xcassets in Resources */,
			);
			runOnlyForDeploymentPostprocessing = 0;
		};
/* End PBXResourcesBuildPhase section */

/* Begin PBXSourcesBuildPhase section */
		DBB42B2124805485006B8C6B /* Sources */ = {
			isa = PBXSourcesBuildPhase;
			buildActionMask = 2147483647;
			files = (
				DBB42B2924805485006B8C6B /* AppDelegate.swift in Sources */,
			);
			runOnlyForDeploymentPostprocessing = 0;
		};
/* End PBXSourcesBuildPhase section */

/* Begin PBXVariantGroup section */
		DBB42B3124805487006B8C6B /* Main.storyboard */ = {
			isa = PBXVariantGroup;
			children = (
				DBB42B3224805487006B8C6B /* Base */,
			);
			name = Main.storyboard;
			sourceTree = "<group>";
		};
/* End PBXVariantGroup section */

/* Begin XCBuildConfiguration section */
		DBB42B3624805487006B8C6B /* Debug */ = {
			isa = XCBuildConfiguration;
			buildSettings = {
				ALWAYS_SEARCH_USER_PATHS = NO;
				CLANG_ANALYZER_NONNULL = YES;
				CLANG_ANALYZER_NUMBER_OBJECT_CONVERSION = YES_AGGRESSIVE;
				CLANG_CXX_LANGUAGE_STANDARD = "gnu++14";
				CLANG_CXX_LIBRARY = "libc++";
				CLANG_ENABLE_MODULES = YES;
				CLANG_ENABLE_OBJC_ARC = YES;
				CLANG_ENABLE_OBJC_WEAK = YES;
				CLANG_WARN_BLOCK_CAPTURE_AUTORELEASING = YES;
				CLANG_WARN_BOOL_CONVERSION = YES;
				CLANG_WARN_COMMA = YES;
				CLANG_WARN_CONSTANT_CONVERSION = YES;
				CLANG_WARN_DEPRECATED_OBJC_IMPLEMENTATIONS = YES;
				CLANG_WARN_DIRECT_OBJC_ISA_USAGE = YES_ERROR;
				CLANG_WARN_DOCUMENTATION_COMMENTS = YES;
				CLANG_WARN_EMPTY_BODY = YES;
				CLANG_WARN_ENUM_CONVERSION = YES;
				CLANG_WARN_INFINITE_RECURSION = YES;
				CLANG_WARN_INT_CONVERSION = YES;
				CLANG_WARN_NON_LITERAL_NULL_CONVERSION = YES;
				CLANG_WARN_OBJC_IMPLICIT_RETAIN_SELF = YES;
				CLANG_WARN_OBJC_LITERAL_CONVERSION = YES;
				CLANG_WARN_OBJC_ROOT_CLASS = YES_ERROR;
				CLANG_WARN_RANGE_LOOP_ANALYSIS = YES;
				CLANG_WARN_STRICT_PROTOTYPES = YES;
				CLANG_WARN_SUSPICIOUS_MOVE = YES;
				CLANG_WARN_UNGUARDED_AVAILABILITY = YES_AGGRESSIVE;
				CLANG_WARN_UNREACHABLE_CODE = YES;
				CLANG_WARN__DUPLICATE_METHOD_MATCH = YES;
				COPY_PHASE_STRIP = NO;
				DEBUG_INFORMATION_FORMAT = dwarf;
				ENABLE_STRICT_OBJC_MSGSEND = YES;
				ENABLE_TESTABILITY = YES;
				GCC_C_LANGUAGE_STANDARD = gnu11;
				GCC_DYNAMIC_NO_PIC = NO;
				GCC_NO_COMMON_BLOCKS = YES;
				GCC_OPTIMIZATION_LEVEL = 0;
				GCC_PREPROCESSOR_DEFINITIONS = (
					"DEBUG=1",
					"$(inherited)",
				);
				GCC_WARN_64_TO_32_BIT_CONVERSION = YES;
				GCC_WARN_ABOUT_RETURN_TYPE = YES_ERROR;
				GCC_WARN_UNDECLARED_SELECTOR = YES;
				GCC_WARN_UNINITIALIZED_AUTOS = YES_AGGRESSIVE;
				GCC_WARN_UNUSED_FUNCTION = YES;
				GCC_WARN_UNUSED_VARIABLE = YES;
				MACOSX_DEPLOYMENT_TARGET = 10.15;
				MTL_ENABLE_DEBUG_INFO = INCLUDE_SOURCE;
				MTL_FAST_MATH = YES;
				ONLY_ACTIVE_ARCH = YES;
				SDKROOT = macosx;
				SWIFT_ACTIVE_COMPILATION_CONDITIONS = DEBUG;
				SWIFT_OPTIMIZATION_LEVEL = "-Onone";
			};
			name = Debug;
		};
		DBB42B3724805487006B8C6B /* Release */ = {
			isa = XCBuildConfiguration;
			buildSettings = {
				ALWAYS_SEARCH_USER_PATHS = NO;
				CLANG_ANALYZER_NONNULL = YES;
				CLANG_ANALYZER_NUMBER_OBJECT_CONVERSION = YES_AGGRESSIVE;
				CLANG_CXX_LANGUAGE_STANDARD = "gnu++14";
				CLANG_CXX_LIBRARY = "libc++";
				CLANG_ENABLE_MODULES = YES;
				CLANG_ENABLE_OBJC_ARC = YES;
				CLANG_ENABLE_OBJC_WEAK = YES;
				CLANG_WARN_BLOCK_CAPTURE_AUTORELEASING = YES;
				CLANG_WARN_BOOL_CONVERSION = YES;
				CLANG_WARN_COMMA = YES;
				CLANG_WARN_CONSTANT_CONVERSION = YES;
				CLANG_WARN_DEPRECATED_OBJC_IMPLEMENTATIONS = YES;
				CLANG_WARN_DIRECT_OBJC_ISA_USAGE = YES_ERROR;
				CLANG_WARN_DOCUMENTATION_COMMENTS = YES;
				CLANG_WARN_EMPTY_BODY = YES;
				CLANG_WARN_ENUM_CONVERSION = YES;
				CLANG_WARN_INFINITE_RECURSION = YES;
				CLANG_WARN_INT_CONVERSION = YES;
				CLANG_WARN_NON_LITERAL_NULL_CONVERSION = YES;
				CLANG_WARN_OBJC_IMPLICIT_RETAIN_SELF = YES;
				CLANG_WARN_OBJC_LITERAL_CONVERSION = YES;
				CLANG_WARN_OBJC_ROOT_CLASS = YES_ERROR;
				CLANG_WARN_RANGE_LOOP_ANALYSIS = YES;
				CLANG_WARN_STRICT_PROTOTYPES = YES;
				CLANG_WARN_SUSPICIOUS_MOVE = YES;
				CLANG_WARN_UNGUARDED_AVAILABILITY = YES_AGGRESSIVE;
				CLANG_WARN_UNREACHABLE_CODE = YES;
				CLANG_WARN__DUPLICATE_METHOD_MATCH = YES;
				COPY_PHASE_STRIP = NO;
				DEBUG_INFORMATION_FORMAT = "dwarf-with-dsym";
				ENABLE_NS_ASSERTIONS = NO;
				ENABLE_STRICT_OBJC_MSGSEND = YES;
				GCC_C_LANGUAGE_STANDARD = gnu11;
				GCC_NO_COMMON_BLOCKS = YES;
				GCC_WARN_64_TO_32_BIT_CONVERSION = YES;
				GCC_WARN_ABOUT_RETURN_TYPE = YES_ERROR;
				GCC_WARN_UNDECLARED_SELECTOR = YES;
				GCC_WARN_UNINITIALIZED_AUTOS = YES_AGGRESSIVE;
				GCC_WARN_UNUSED_FUNCTION = YES;
				GCC_WARN_UNUSED_VARIABLE = YES;
				MACOSX_DEPLOYMENT_TARGET = 10.15;
				MTL_ENABLE_DEBUG_INFO = NO;
				MTL_FAST_MATH = YES;
				SDKROOT = macosx;
				SWIFT_COMPILATION_MODE = wholemodule;
				SWIFT_OPTIMIZATION_LEVEL = "-O";
			};
			name = Release;
		};
		DBB42B3924805487006B8C6B /* Debug */ = {
			isa = XCBuildConfiguration;
			buildSettings = {
				ASSETCATALOG_COMPILER_APPICON_NAME = AppIcon;
				CODE_SIGN_ENTITLEMENTS = MacBullsEye/MacBullsEye.entitlements;
				CODE_SIGN_STYLE = Automatic;
				COMBINE_HIDPI_IMAGES = YES;
				DEVELOPMENT_ASSET_PATHS = "\"MacBullsEye/Preview Content\"";
				ENABLE_PREVIEWS = YES;
				INFOPLIST_FILE = MacBullsEye/Info.plist;
				LD_RUNPATH_SEARCH_PATHS = (
					"$(inherited)",
					"@executable_path/../Frameworks",
				);
				MACOSX_DEPLOYMENT_TARGET = 10.15;
				PRODUCT_BUNDLE_IDENTIFIER = com.alquimia.MacBullsEye;
				PRODUCT_NAME = "$(TARGET_NAME)";
				SWIFT_VERSION = 5.0;
			};
			name = Debug;
		};
		DBB42B3A24805487006B8C6B /* Release */ = {
			isa = XCBuildConfiguration;
			buildSettings = {
				ASSETCATALOG_COMPILER_APPICON_NAME = AppIcon;
				CODE_SIGN_ENTITLEMENTS = MacBullsEye/MacBullsEye.entitlements;
				CODE_SIGN_STYLE = Automatic;
				COMBINE_HIDPI_IMAGES = YES;
				DEVELOPMENT_ASSET_PATHS = "\"MacBullsEye/Preview Content\"";
				ENABLE_PREVIEWS = YES;
				INFOPLIST_FILE = MacBullsEye/Info.plist;
				LD_RUNPATH_SEARCH_PATHS = (
					"$(inherited)",
					"@executable_path/../Frameworks",
				);
				MACOSX_DEPLOYMENT_TARGET = 10.15;
				PRODUCT_BUNDLE_IDENTIFIER = com.alquimia.MacBullsEye;
				PRODUCT_NAME = "$(TARGET_NAME)";
				SWIFT_VERSION = 5.0;
			};
			name = Release;
		};
/* End XCBuildConfiguration section */

/* Begin XCConfigurationList section */
		DBB42B2024805485006B8C6B /* Build configuration list for PBXProject "MacBullsEye" */ = {
			isa = XCConfigurationList;
			buildConfigurations = (
				DBB42B3624805487006B8C6B /* Debug */,
				DBB42B3724805487006B8C6B /* Release */,
			);
			defaultConfigurationIsVisible = 0;
			defaultConfigurationName = Release;
		};
		DBB42B3824805487006B8C6B /* Build configuration list for PBXNativeTarget "MacBullsEye" */ = {
			isa = XCConfigurationList;
			buildConfigurations = (
				DBB42B3924805487006B8C6B /* Debug */,
				DBB42B3A24805487006B8C6B /* Release */,
			);
			defaultConfigurationIsVisible = 0;
			defaultConfigurationName = Release;
		};
/* End XCConfigurationList section */

/* Begin XCSwiftPackageProductDependency section */
		DBBAAC94248184C20047139D /* GameView */ = {
			isa = XCSwiftPackageProductDependency;
			productName = GameView;
		};
/* End XCSwiftPackageProductDependency section */
	};
	rootObject = DBB42B1D24805485006B8C6B /* Project object */;
}
